// !$*UTF8*$!
{
	archiveVersion = 1;
	classes = {
	};
	objectVersion = 50;
	objects = {

/* Begin PBXBuildFile section */
		84A4917C256AA8FC0008FFB7 /* RestaurantViewController.swift in Sources */ = {isa = PBXBuildFile; fileRef = 84A4917B256AA8FC0008FFB7 /* RestaurantViewController.swift */; };
		84A49181256AC4020008FFB7 /* CustomNavigationController.swift in Sources */ = {isa = PBXBuildFile; fileRef = 84A49180256AC4020008FFB7 /* CustomNavigationController.swift */; };
		84A49190256AD0100008FFB7 /* Restaurant.swift in Sources */ = {isa = PBXBuildFile; fileRef = 84A4918F256AD0100008FFB7 /* Restaurant.swift */; };
		84A49198256AE1350008FFB7 /* ProductsCarousel.swift in Sources */ = {isa = PBXBuildFile; fileRef = 84A49197256AE1350008FFB7 /* ProductsCarousel.swift */; };
		84A4919D256AE1410008FFB7 /* ProductCell.swift in Sources */ = {isa = PBXBuildFile; fileRef = 84A4919C256AE1410008FFB7 /* ProductCell.swift */; };
		84D6E39625682A810007A6F0 /* AppDelegate.swift in Sources */ = {isa = PBXBuildFile; fileRef = 84D6E39525682A810007A6F0 /* AppDelegate.swift */; };
		84D6E39A25682A810007A6F0 /* ViewController.swift in Sources */ = {isa = PBXBuildFile; fileRef = 84D6E39925682A810007A6F0 /* ViewController.swift */; };
		84D6E39F25682A820007A6F0 /* Assets.xcassets in Resources */ = {isa = PBXBuildFile; fileRef = 84D6E39E25682A820007A6F0 /* Assets.xcassets */; };
		84D6E3A225682A820007A6F0 /* LaunchScreen.storyboard in Resources */ = {isa = PBXBuildFile; fileRef = 84D6E3A025682A820007A6F0 /* LaunchScreen.storyboard */; };
		84D6E3AD25682A820007A6F0 /* skydelivery_mobileTests.swift in Sources */ = {isa = PBXBuildFile; fileRef = 84D6E3AC25682A820007A6F0 /* skydelivery_mobileTests.swift */; };
		84D6E3B825682A820007A6F0 /* skydelivery_mobileUITests.swift in Sources */ = {isa = PBXBuildFile; fileRef = 84D6E3B725682A820007A6F0 /* skydelivery_mobileUITests.swift */; };
		84D6E3D325682B4C0007A6F0 /* MainContracts.swift in Sources */ = {isa = PBXBuildFile; fileRef = 84D6E3D225682B4C0007A6F0 /* MainContracts.swift */; };
		84D6E3DB25682B540007A6F0 /* MainPresenter.swift in Sources */ = {isa = PBXBuildFile; fileRef = 84D6E3DA25682B540007A6F0 /* MainPresenter.swift */; };
		84D6E3E025682B5D0007A6F0 /* MainRouter.swift in Sources */ = {isa = PBXBuildFile; fileRef = 84D6E3DF25682B5D0007A6F0 /* MainRouter.swift */; };
		84D6E3E525682B670007A6F0 /* MainViewController.swift in Sources */ = {isa = PBXBuildFile; fileRef = 84D6E3E425682B670007A6F0 /* MainViewController.swift */; };
		84D6E3EA25682B720007A6F0 /* MainInteractor.swift in Sources */ = {isa = PBXBuildFile; fileRef = 84D6E3E925682B720007A6F0 /* MainInteractor.swift */; };
		84D6E3FD25687B650007A6F0 /* RestaurantCarousel.swift in Sources */ = {isa = PBXBuildFile; fileRef = 84D6E3FC25687B650007A6F0 /* RestaurantCarousel.swift */; };
		84D6E402256931A60007A6F0 /* Title.swift in Sources */ = {isa = PBXBuildFile; fileRef = 84D6E401256931A60007A6F0 /* Title.swift */; };
		84D6E40A2569B8420007A6F0 /* RestaurantCell.swift in Sources */ = {isa = PBXBuildFile; fileRef = 84D6E4092569B8420007A6F0 /* RestaurantCell.swift */; };
		84D6E416256A7E860007A6F0 /* TagCarousel.swift in Sources */ = {isa = PBXBuildFile; fileRef = 84D6E415256A7E860007A6F0 /* TagCarousel.swift */; };
		84D6E41E256A7E9F0007A6F0 /* TagCell.swift in Sources */ = {isa = PBXBuildFile; fileRef = 84D6E41D256A7E9F0007A6F0 /* TagCell.swift */; };
		DA34A637256AA6D6006F49D0 /* ProfileContracts.swift in Sources */ = {isa = PBXBuildFile; fileRef = DA34A636256AA6D6006F49D0 /* ProfileContracts.swift */; };
		DA34A63C256AA6E8006F49D0 /* ProfilePresenter.swift in Sources */ = {isa = PBXBuildFile; fileRef = DA34A63B256AA6E8006F49D0 /* ProfilePresenter.swift */; };
		DA34A641256AA738006F49D0 /* ProfileRouter.swift in Sources */ = {isa = PBXBuildFile; fileRef = DA34A640256AA738006F49D0 /* ProfileRouter.swift */; };
		DA34A646256AA74D006F49D0 /* ProfileViewController.swift in Sources */ = {isa = PBXBuildFile; fileRef = DA34A645256AA74D006F49D0 /* ProfileViewController.swift */; };
		DA34A64B256AA762006F49D0 /* ProfileInteractor.swift in Sources */ = {isa = PBXBuildFile; fileRef = DA34A64A256AA762006F49D0 /* ProfileInteractor.swift */; };
		DA34A650256AB679006F49D0 /* Input.swift in Sources */ = {isa = PBXBuildFile; fileRef = DA34A64F256AB679006F49D0 /* Input.swift */; };
		DA34A655256AC03C006F49D0 /* Button.swift in Sources */ = {isa = PBXBuildFile; fileRef = DA34A654256AC03C006F49D0 /* Button.swift */; };
		DA34A65E256AC6BD006F49D0 /* CategoryContracts.swift in Sources */ = {isa = PBXBuildFile; fileRef = DA34A65D256AC6BD006F49D0 /* CategoryContracts.swift */; };
		DA34A663256AC6D2006F49D0 /* CategoryPresenter.swift in Sources */ = {isa = PBXBuildFile; fileRef = DA34A662256AC6D2006F49D0 /* CategoryPresenter.swift */; };
		DA34A668256AC6E5006F49D0 /* CategoryRouter.swift in Sources */ = {isa = PBXBuildFile; fileRef = DA34A667256AC6E5006F49D0 /* CategoryRouter.swift */; };
		DA34A66D256AC741006F49D0 /* CategoryViewController.swift in Sources */ = {isa = PBXBuildFile; fileRef = DA34A66C256AC741006F49D0 /* CategoryViewController.swift */; };
		DA34A672256AC768006F49D0 /* CategoryInteractor.swift in Sources */ = {isa = PBXBuildFile; fileRef = DA34A671256AC768006F49D0 /* CategoryInteractor.swift */; };
		DA34A677256ACE09006F49D0 /* CategoryCarousel.swift in Sources */ = {isa = PBXBuildFile; fileRef = DA34A676256ACE09006F49D0 /* CategoryCarousel.swift */; };
		DA34A67C256ACEAC006F49D0 /* CategoryCell.swift in Sources */ = {isa = PBXBuildFile; fileRef = DA34A67B256ACEAC006F49D0 /* CategoryCell.swift */; };
/* End PBXBuildFile section */

/* Begin PBXContainerItemProxy section */
		84D6E3A925682A820007A6F0 /* PBXContainerItemProxy */ = {
			isa = PBXContainerItemProxy;
			containerPortal = 84D6E38A25682A810007A6F0 /* Project object */;
			proxyType = 1;
			remoteGlobalIDString = 84D6E39125682A810007A6F0;
			remoteInfo = "skydelivery-mobile";
		};
		84D6E3B425682A820007A6F0 /* PBXContainerItemProxy */ = {
			isa = PBXContainerItemProxy;
			containerPortal = 84D6E38A25682A810007A6F0 /* Project object */;
			proxyType = 1;
			remoteGlobalIDString = 84D6E39125682A810007A6F0;
			remoteInfo = "skydelivery-mobile";
		};
/* End PBXContainerItemProxy section */

/* Begin PBXFileReference section */
		84A4917B256AA8FC0008FFB7 /* RestaurantViewController.swift */ = {isa = PBXFileReference; lastKnownFileType = sourcecode.swift; path = RestaurantViewController.swift; sourceTree = "<group>"; };
		84A49180256AC4020008FFB7 /* CustomNavigationController.swift */ = {isa = PBXFileReference; lastKnownFileType = sourcecode.swift; path = CustomNavigationController.swift; sourceTree = "<group>"; };
		84A4918F256AD0100008FFB7 /* Restaurant.swift */ = {isa = PBXFileReference; lastKnownFileType = sourcecode.swift; path = Restaurant.swift; sourceTree = "<group>"; };
		84A49197256AE1350008FFB7 /* ProductsCarousel.swift */ = {isa = PBXFileReference; lastKnownFileType = sourcecode.swift; path = ProductsCarousel.swift; sourceTree = "<group>"; };
		84A4919C256AE1410008FFB7 /* ProductCell.swift */ = {isa = PBXFileReference; lastKnownFileType = sourcecode.swift; path = ProductCell.swift; sourceTree = "<group>"; };
		84D6E39225682A810007A6F0 /* skydelivery-mobile.app */ = {isa = PBXFileReference; explicitFileType = wrapper.application; includeInIndex = 0; path = "skydelivery-mobile.app"; sourceTree = BUILT_PRODUCTS_DIR; };
		84D6E39525682A810007A6F0 /* AppDelegate.swift */ = {isa = PBXFileReference; lastKnownFileType = sourcecode.swift; path = AppDelegate.swift; sourceTree = "<group>"; };
		84D6E39925682A810007A6F0 /* ViewController.swift */ = {isa = PBXFileReference; lastKnownFileType = sourcecode.swift; path = ViewController.swift; sourceTree = "<group>"; };
		84D6E39E25682A820007A6F0 /* Assets.xcassets */ = {isa = PBXFileReference; lastKnownFileType = folder.assetcatalog; path = Assets.xcassets; sourceTree = "<group>"; };
		84D6E3A125682A820007A6F0 /* Base */ = {isa = PBXFileReference; lastKnownFileType = file.storyboard; name = Base; path = Base.lproj/LaunchScreen.storyboard; sourceTree = "<group>"; };
		84D6E3A325682A820007A6F0 /* Info.plist */ = {isa = PBXFileReference; lastKnownFileType = text.plist.xml; path = Info.plist; sourceTree = "<group>"; };
		84D6E3A825682A820007A6F0 /* skydelivery-mobileTests.xctest */ = {isa = PBXFileReference; explicitFileType = wrapper.cfbundle; includeInIndex = 0; path = "skydelivery-mobileTests.xctest"; sourceTree = BUILT_PRODUCTS_DIR; };
		84D6E3AC25682A820007A6F0 /* skydelivery_mobileTests.swift */ = {isa = PBXFileReference; lastKnownFileType = sourcecode.swift; path = skydelivery_mobileTests.swift; sourceTree = "<group>"; };
		84D6E3AE25682A820007A6F0 /* Info.plist */ = {isa = PBXFileReference; lastKnownFileType = text.plist.xml; path = Info.plist; sourceTree = "<group>"; };
		84D6E3B325682A820007A6F0 /* skydelivery-mobileUITests.xctest */ = {isa = PBXFileReference; explicitFileType = wrapper.cfbundle; includeInIndex = 0; path = "skydelivery-mobileUITests.xctest"; sourceTree = BUILT_PRODUCTS_DIR; };
		84D6E3B725682A820007A6F0 /* skydelivery_mobileUITests.swift */ = {isa = PBXFileReference; lastKnownFileType = sourcecode.swift; path = skydelivery_mobileUITests.swift; sourceTree = "<group>"; };
		84D6E3B925682A820007A6F0 /* Info.plist */ = {isa = PBXFileReference; lastKnownFileType = text.plist.xml; path = Info.plist; sourceTree = "<group>"; };
		84D6E3D225682B4C0007A6F0 /* MainContracts.swift */ = {isa = PBXFileReference; lastKnownFileType = sourcecode.swift; path = MainContracts.swift; sourceTree = "<group>"; };
		84D6E3DA25682B540007A6F0 /* MainPresenter.swift */ = {isa = PBXFileReference; lastKnownFileType = sourcecode.swift; path = MainPresenter.swift; sourceTree = "<group>"; };
		84D6E3DF25682B5D0007A6F0 /* MainRouter.swift */ = {isa = PBXFileReference; lastKnownFileType = sourcecode.swift; path = MainRouter.swift; sourceTree = "<group>"; };
		84D6E3E425682B670007A6F0 /* MainViewController.swift */ = {isa = PBXFileReference; lastKnownFileType = sourcecode.swift; path = MainViewController.swift; sourceTree = "<group>"; };
		84D6E3E925682B720007A6F0 /* MainInteractor.swift */ = {isa = PBXFileReference; lastKnownFileType = sourcecode.swift; path = MainInteractor.swift; sourceTree = "<group>"; };
		84D6E3FC25687B650007A6F0 /* RestaurantCarousel.swift */ = {isa = PBXFileReference; lastKnownFileType = sourcecode.swift; path = RestaurantCarousel.swift; sourceTree = "<group>"; };
		84D6E401256931A60007A6F0 /* Title.swift */ = {isa = PBXFileReference; lastKnownFileType = sourcecode.swift; path = Title.swift; sourceTree = "<group>"; };
		84D6E4092569B8420007A6F0 /* RestaurantCell.swift */ = {isa = PBXFileReference; lastKnownFileType = sourcecode.swift; path = RestaurantCell.swift; sourceTree = "<group>"; };
		84D6E415256A7E860007A6F0 /* TagCarousel.swift */ = {isa = PBXFileReference; lastKnownFileType = sourcecode.swift; path = TagCarousel.swift; sourceTree = "<group>"; };
		84D6E41D256A7E9F0007A6F0 /* TagCell.swift */ = {isa = PBXFileReference; lastKnownFileType = sourcecode.swift; path = TagCell.swift; sourceTree = "<group>"; };
		DA34A636256AA6D6006F49D0 /* ProfileContracts.swift */ = {isa = PBXFileReference; lastKnownFileType = sourcecode.swift; path = ProfileContracts.swift; sourceTree = "<group>"; };
		DA34A63B256AA6E8006F49D0 /* ProfilePresenter.swift */ = {isa = PBXFileReference; lastKnownFileType = sourcecode.swift; path = ProfilePresenter.swift; sourceTree = "<group>"; };
		DA34A640256AA738006F49D0 /* ProfileRouter.swift */ = {isa = PBXFileReference; lastKnownFileType = sourcecode.swift; path = ProfileRouter.swift; sourceTree = "<group>"; };
		DA34A645256AA74D006F49D0 /* ProfileViewController.swift */ = {isa = PBXFileReference; lastKnownFileType = sourcecode.swift; path = ProfileViewController.swift; sourceTree = "<group>"; };
		DA34A64A256AA762006F49D0 /* ProfileInteractor.swift */ = {isa = PBXFileReference; lastKnownFileType = sourcecode.swift; path = ProfileInteractor.swift; sourceTree = "<group>"; };
		DA34A64F256AB679006F49D0 /* Input.swift */ = {isa = PBXFileReference; lastKnownFileType = sourcecode.swift; path = Input.swift; sourceTree = "<group>"; };
		DA34A654256AC03C006F49D0 /* Button.swift */ = {isa = PBXFileReference; lastKnownFileType = sourcecode.swift; path = Button.swift; sourceTree = "<group>"; };
		DA34A65D256AC6BD006F49D0 /* CategoryContracts.swift */ = {isa = PBXFileReference; lastKnownFileType = sourcecode.swift; path = CategoryContracts.swift; sourceTree = "<group>"; };
		DA34A662256AC6D2006F49D0 /* CategoryPresenter.swift */ = {isa = PBXFileReference; lastKnownFileType = sourcecode.swift; path = CategoryPresenter.swift; sourceTree = "<group>"; };
		DA34A667256AC6E5006F49D0 /* CategoryRouter.swift */ = {isa = PBXFileReference; lastKnownFileType = sourcecode.swift; path = CategoryRouter.swift; sourceTree = "<group>"; };
		DA34A66C256AC741006F49D0 /* CategoryViewController.swift */ = {isa = PBXFileReference; lastKnownFileType = sourcecode.swift; path = CategoryViewController.swift; sourceTree = "<group>"; };
		DA34A671256AC768006F49D0 /* CategoryInteractor.swift */ = {isa = PBXFileReference; lastKnownFileType = sourcecode.swift; path = CategoryInteractor.swift; sourceTree = "<group>"; };
		DA34A676256ACE09006F49D0 /* CategoryCarousel.swift */ = {isa = PBXFileReference; lastKnownFileType = sourcecode.swift; path = CategoryCarousel.swift; sourceTree = "<group>"; };
		DA34A67B256ACEAC006F49D0 /* CategoryCell.swift */ = {isa = PBXFileReference; lastKnownFileType = sourcecode.swift; path = CategoryCell.swift; sourceTree = "<group>"; };
/* End PBXFileReference section */

/* Begin PBXFrameworksBuildPhase section */
		84D6E38F25682A810007A6F0 /* Frameworks */ = {
			isa = PBXFrameworksBuildPhase;
			buildActionMask = 2147483647;
			files = (
			);
			runOnlyForDeploymentPostprocessing = 0;
		};
		84D6E3A525682A820007A6F0 /* Frameworks */ = {
			isa = PBXFrameworksBuildPhase;
			buildActionMask = 2147483647;
			files = (
			);
			runOnlyForDeploymentPostprocessing = 0;
		};
		84D6E3B025682A820007A6F0 /* Frameworks */ = {
			isa = PBXFrameworksBuildPhase;
			buildActionMask = 2147483647;
			files = (
			);
			runOnlyForDeploymentPostprocessing = 0;
		};
/* End PBXFrameworksBuildPhase section */

/* Begin PBXGroup section */
		84A49173256A8AEE0008FFB7 /* RestaurantPage */ = {
			isa = PBXGroup;
			children = (
				84A4917B256AA8FC0008FFB7 /* RestaurantViewController.swift */,
			);
			path = RestaurantPage;
			sourceTree = "<group>";
		};
		84A4918E256AD0090008FFB7 /* Models */ = {
			isa = PBXGroup;
			children = (
				84A4918F256AD0100008FFB7 /* Restaurant.swift */,
			);
			path = Models;
			sourceTree = "<group>";
		};
		84D6E38925682A810007A6F0 = {
			isa = PBXGroup;
			children = (
				84D6E39425682A810007A6F0 /* skydelivery-mobile */,
				84D6E3AB25682A820007A6F0 /* skydelivery-mobileTests */,
				84D6E3B625682A820007A6F0 /* skydelivery-mobileUITests */,
				84D6E39325682A810007A6F0 /* Products */,
			);
			sourceTree = "<group>";
		};
		84D6E39325682A810007A6F0 /* Products */ = {
			isa = PBXGroup;
			children = (
				84D6E39225682A810007A6F0 /* skydelivery-mobile.app */,
				84D6E3A825682A820007A6F0 /* skydelivery-mobileTests.xctest */,
				84D6E3B325682A820007A6F0 /* skydelivery-mobileUITests.xctest */,
			);
			name = Products;
			sourceTree = "<group>";
		};
		84D6E39425682A810007A6F0 /* skydelivery-mobile */ = {
			isa = PBXGroup;
			children = (
				84D6E3CA25682ADA0007A6F0 /* Supporting Files */,
				84D6E3C925682ACF0007A6F0 /* Resources */,
				84D6E3C825682A960007A6F0 /* Classes */,
				84D6E39925682A810007A6F0 /* ViewController.swift */,
				84D6E39E25682A820007A6F0 /* Assets.xcassets */,
				84D6E3A025682A820007A6F0 /* LaunchScreen.storyboard */,
				84D6E3A325682A820007A6F0 /* Info.plist */,
			);
			path = "skydelivery-mobile";
			sourceTree = "<group>";
		};
		84D6E3AB25682A820007A6F0 /* skydelivery-mobileTests */ = {
			isa = PBXGroup;
			children = (
				84D6E3AC25682A820007A6F0 /* skydelivery_mobileTests.swift */,
				84D6E3AE25682A820007A6F0 /* Info.plist */,
			);
			path = "skydelivery-mobileTests";
			sourceTree = "<group>";
		};
		84D6E3B625682A820007A6F0 /* skydelivery-mobileUITests */ = {
			isa = PBXGroup;
			children = (
				84D6E3B725682A820007A6F0 /* skydelivery_mobileUITests.swift */,
				84D6E3B925682A820007A6F0 /* Info.plist */,
			);
			path = "skydelivery-mobileUITests";
			sourceTree = "<group>";
		};
		84D6E3C825682A960007A6F0 /* Classes */ = {
			isa = PBXGroup;
			children = (
				84D6E3FA25687B440007A6F0 /* Components */,
				84D6E3CF25682B1A0007A6F0 /* Managers */,
				84D6E3CE25682B050007A6F0 /* Services */,
				84D6E3CD25682B000007A6F0 /* Common */,
				84D6E3CC25682AFC0007A6F0 /* Modules */,
				84D6E3CB25682AF30007A6F0 /* App */,
			);
			path = Classes;
			sourceTree = "<group>";
		};
		84D6E3C925682ACF0007A6F0 /* Resources */ = {
			isa = PBXGroup;
			children = (
			);
			path = Resources;
			sourceTree = "<group>";
		};
		84D6E3CA25682ADA0007A6F0 /* Supporting Files */ = {
			isa = PBXGroup;
			children = (
			);
			path = "Supporting Files";
			sourceTree = "<group>";
		};
		84D6E3CB25682AF30007A6F0 /* App */ = {
			isa = PBXGroup;
			children = (
				84D6E39525682A810007A6F0 /* AppDelegate.swift */,
			);
			path = App;
			sourceTree = "<group>";
		};
		84D6E3CC25682AFC0007A6F0 /* Modules */ = {
			isa = PBXGroup;
			children = (
				DA34A65C256AC643006F49D0 /* CategoryPage */,
				DA34A635256AA6BE006F49D0 /* Profile */,
				84A49173256A8AEE0008FFB7 /* RestaurantPage */,
				84D6E3D025682B240007A6F0 /* MainPage */,
			);
			path = Modules;
			sourceTree = "<group>";
		};
		84D6E3CD25682B000007A6F0 /* Common */ = {
			isa = PBXGroup;
			children = (
				84A4918E256AD0090008FFB7 /* Models */,
			);
			path = Common;
			sourceTree = "<group>";
		};
		84D6E3CE25682B050007A6F0 /* Services */ = {
			isa = PBXGroup;
			children = (
			);
			path = Services;
			sourceTree = "<group>";
		};
		84D6E3CF25682B1A0007A6F0 /* Managers */ = {
			isa = PBXGroup;
			children = (
			);
			path = Managers;
			sourceTree = "<group>";
		};
		84D6E3D025682B240007A6F0 /* MainPage */ = {
			isa = PBXGroup;
			children = (
				84D6E3D225682B4C0007A6F0 /* MainContracts.swift */,
				84D6E3DA25682B540007A6F0 /* MainPresenter.swift */,
				84D6E3DF25682B5D0007A6F0 /* MainRouter.swift */,
				84D6E3E425682B670007A6F0 /* MainViewController.swift */,
				84D6E3E925682B720007A6F0 /* MainInteractor.swift */,
			);
			path = MainPage;
			sourceTree = "<group>";
		};
		84D6E3FA25687B440007A6F0 /* Components */ = {
			isa = PBXGroup;
			children = (
				84D6E3FC25687B650007A6F0 /* RestaurantCarousel.swift */,
				84D6E401256931A60007A6F0 /* Title.swift */,
				84D6E4092569B8420007A6F0 /* RestaurantCell.swift */,
				84D6E415256A7E860007A6F0 /* TagCarousel.swift */,
				84D6E41D256A7E9F0007A6F0 /* TagCell.swift */,
				DA34A64F256AB679006F49D0 /* Input.swift */,
				DA34A654256AC03C006F49D0 /* Button.swift */,
				DA34A676256ACE09006F49D0 /* CategoryCarousel.swift */,
				DA34A67B256ACEAC006F49D0 /* CategoryCell.swift */,
				84A49180256AC4020008FFB7 /* CustomNavigationController.swift */,
				84A49197256AE1350008FFB7 /* ProductsCarousel.swift */,
				84A4919C256AE1410008FFB7 /* ProductCell.swift */,

			);
			path = Components;
			sourceTree = "<group>";
		};
		DA34A635256AA6BE006F49D0 /* Profile */ = {
			isa = PBXGroup;
			children = (
				DA34A636256AA6D6006F49D0 /* ProfileContracts.swift */,
				DA34A63B256AA6E8006F49D0 /* ProfilePresenter.swift */,
				DA34A640256AA738006F49D0 /* ProfileRouter.swift */,
				DA34A645256AA74D006F49D0 /* ProfileViewController.swift */,
				DA34A64A256AA762006F49D0 /* ProfileInteractor.swift */,
			);
			path = Profile;
			sourceTree = "<group>";
		};
		DA34A65C256AC643006F49D0 /* CategoryPage */ = {
			isa = PBXGroup;
			children = (
				DA34A65D256AC6BD006F49D0 /* CategoryContracts.swift */,
				DA34A662256AC6D2006F49D0 /* CategoryPresenter.swift */,
				DA34A667256AC6E5006F49D0 /* CategoryRouter.swift */,
				DA34A66C256AC741006F49D0 /* CategoryViewController.swift */,
				DA34A671256AC768006F49D0 /* CategoryInteractor.swift */,
			);
			path = CategoryPage;
			sourceTree = "<group>";
		};
/* End PBXGroup section */

/* Begin PBXNativeTarget section */
		84D6E39125682A810007A6F0 /* skydelivery-mobile */ = {
			isa = PBXNativeTarget;
			buildConfigurationList = 84D6E3BC25682A820007A6F0 /* Build configuration list for PBXNativeTarget "skydelivery-mobile" */;
			buildPhases = (
				84D6E38E25682A810007A6F0 /* Sources */,
				84D6E38F25682A810007A6F0 /* Frameworks */,
				84D6E39025682A810007A6F0 /* Resources */,
			);
			buildRules = (
			);
			dependencies = (
			);
			name = "skydelivery-mobile";
			productName = "skydelivery-mobile";
			productReference = 84D6E39225682A810007A6F0 /* skydelivery-mobile.app */;
			productType = "com.apple.product-type.application";
		};
		84D6E3A725682A820007A6F0 /* skydelivery-mobileTests */ = {
			isa = PBXNativeTarget;
			buildConfigurationList = 84D6E3BF25682A820007A6F0 /* Build configuration list for PBXNativeTarget "skydelivery-mobileTests" */;
			buildPhases = (
				84D6E3A425682A820007A6F0 /* Sources */,
				84D6E3A525682A820007A6F0 /* Frameworks */,
				84D6E3A625682A820007A6F0 /* Resources */,
			);
			buildRules = (
			);
			dependencies = (
				84D6E3AA25682A820007A6F0 /* PBXTargetDependency */,
			);
			name = "skydelivery-mobileTests";
			productName = "skydelivery-mobileTests";
			productReference = 84D6E3A825682A820007A6F0 /* skydelivery-mobileTests.xctest */;
			productType = "com.apple.product-type.bundle.unit-test";
		};
		84D6E3B225682A820007A6F0 /* skydelivery-mobileUITests */ = {
			isa = PBXNativeTarget;
			buildConfigurationList = 84D6E3C225682A820007A6F0 /* Build configuration list for PBXNativeTarget "skydelivery-mobileUITests" */;
			buildPhases = (
				84D6E3AF25682A820007A6F0 /* Sources */,
				84D6E3B025682A820007A6F0 /* Frameworks */,
				84D6E3B125682A820007A6F0 /* Resources */,
			);
			buildRules = (
			);
			dependencies = (
				84D6E3B525682A820007A6F0 /* PBXTargetDependency */,
			);
			name = "skydelivery-mobileUITests";
			productName = "skydelivery-mobileUITests";
			productReference = 84D6E3B325682A820007A6F0 /* skydelivery-mobileUITests.xctest */;
			productType = "com.apple.product-type.bundle.ui-testing";
		};
/* End PBXNativeTarget section */

/* Begin PBXProject section */
		84D6E38A25682A810007A6F0 /* Project object */ = {
			isa = PBXProject;
			attributes = {
				LastSwiftUpdateCheck = 1220;
				LastUpgradeCheck = 1220;
				TargetAttributes = {
					84D6E39125682A810007A6F0 = {
						CreatedOnToolsVersion = 12.2;
					};
					84D6E3A725682A820007A6F0 = {
						CreatedOnToolsVersion = 12.2;
						TestTargetID = 84D6E39125682A810007A6F0;
					};
					84D6E3B225682A820007A6F0 = {
						CreatedOnToolsVersion = 12.2;
						TestTargetID = 84D6E39125682A810007A6F0;
					};
				};
			};
			buildConfigurationList = 84D6E38D25682A810007A6F0 /* Build configuration list for PBXProject "skydelivery-mobile" */;
			compatibilityVersion = "Xcode 9.3";
			developmentRegion = en;
			hasScannedForEncodings = 0;
			knownRegions = (
				en,
				Base,
			);
			mainGroup = 84D6E38925682A810007A6F0;
			productRefGroup = 84D6E39325682A810007A6F0 /* Products */;
			projectDirPath = "";
			projectRoot = "";
			targets = (
				84D6E39125682A810007A6F0 /* skydelivery-mobile */,
				84D6E3A725682A820007A6F0 /* skydelivery-mobileTests */,
				84D6E3B225682A820007A6F0 /* skydelivery-mobileUITests */,
			);
		};
/* End PBXProject section */

/* Begin PBXResourcesBuildPhase section */
		84D6E39025682A810007A6F0 /* Resources */ = {
			isa = PBXResourcesBuildPhase;
			buildActionMask = 2147483647;
			files = (
				84D6E3A225682A820007A6F0 /* LaunchScreen.storyboard in Resources */,
				84D6E39F25682A820007A6F0 /* Assets.xcassets in Resources */,
			);
			runOnlyForDeploymentPostprocessing = 0;
		};
		84D6E3A625682A820007A6F0 /* Resources */ = {
			isa = PBXResourcesBuildPhase;
			buildActionMask = 2147483647;
			files = (
			);
			runOnlyForDeploymentPostprocessing = 0;
		};
		84D6E3B125682A820007A6F0 /* Resources */ = {
			isa = PBXResourcesBuildPhase;
			buildActionMask = 2147483647;
			files = (
			);
			runOnlyForDeploymentPostprocessing = 0;
		};
/* End PBXResourcesBuildPhase section */

/* Begin PBXSourcesBuildPhase section */
		84D6E38E25682A810007A6F0 /* Sources */ = {
			isa = PBXSourcesBuildPhase;
			buildActionMask = 2147483647;
			files = (
				DA34A637256AA6D6006F49D0 /* ProfileContracts.swift in Sources */,
				84D6E40A2569B8420007A6F0 /* RestaurantCell.swift in Sources */,
				DA34A677256ACE09006F49D0 /* CategoryCarousel.swift in Sources */,
				DA34A64B256AA762006F49D0 /* ProfileInteractor.swift in Sources */,
				84D6E3E525682B670007A6F0 /* MainViewController.swift in Sources */,
				84D6E402256931A60007A6F0 /* Title.swift in Sources */,
				84A49198256AE1350008FFB7 /* ProductsCarousel.swift in Sources */,
				84D6E3DB25682B540007A6F0 /* MainPresenter.swift in Sources */,
				DA34A650256AB679006F49D0 /* Input.swift in Sources */,
				DA34A663256AC6D2006F49D0 /* CategoryPresenter.swift in Sources */,
				DA34A66D256AC741006F49D0 /* CategoryViewController.swift in Sources */,
				84D6E3D325682B4C0007A6F0 /* MainContracts.swift in Sources */,
				DA34A646256AA74D006F49D0 /* ProfileViewController.swift in Sources */,
				84D6E39A25682A810007A6F0 /* ViewController.swift in Sources */,
				DA34A67C256ACEAC006F49D0 /* CategoryCell.swift in Sources */,
				DA34A672256AC768006F49D0 /* CategoryInteractor.swift in Sources */,
				84D6E416256A7E860007A6F0 /* TagCarousel.swift in Sources */,
				84D6E39625682A810007A6F0 /* AppDelegate.swift in Sources */,
				DA34A641256AA738006F49D0 /* ProfileRouter.swift in Sources */,
				DA34A668256AC6E5006F49D0 /* CategoryRouter.swift in Sources */,
				DA34A65E256AC6BD006F49D0 /* CategoryContracts.swift in Sources */,
				84A49190256AD0100008FFB7 /* Restaurant.swift in Sources */,
				84D6E39A25682A810007A6F0 /* ViewController.swift in Sources */,
				84A49181256AC4020008FFB7 /* CustomNavigationController.swift in Sources */,
				84D6E416256A7E860007A6F0 /* TagCarousel.swift in Sources */,
				84D6E39625682A810007A6F0 /* AppDelegate.swift in Sources */,
				84A4917C256AA8FC0008FFB7 /* RestaurantViewController.swift in Sources */,
				84A4919D256AE1410008FFB7 /* ProductCell.swift in Sources */,
				84D6E41E256A7E9F0007A6F0 /* TagCell.swift in Sources */,
				DA34A63C256AA6E8006F49D0 /* ProfilePresenter.swift in Sources */,
				84D6E3E025682B5D0007A6F0 /* MainRouter.swift in Sources */,
				84D6E3EA25682B720007A6F0 /* MainInteractor.swift in Sources */,
				DA34A655256AC03C006F49D0 /* Button.swift in Sources */,
				84D6E3FD25687B650007A6F0 /* RestaurantCarousel.swift in Sources */,
			);
			runOnlyForDeploymentPostprocessing = 0;
		};
		84D6E3A425682A820007A6F0 /* Sources */ = {
			isa = PBXSourcesBuildPhase;
			buildActionMask = 2147483647;
			files = (
				84D6E3AD25682A820007A6F0 /* skydelivery_mobileTests.swift in Sources */,
			);
			runOnlyForDeploymentPostprocessing = 0;
		};
		84D6E3AF25682A820007A6F0 /* Sources */ = {
			isa = PBXSourcesBuildPhase;
			buildActionMask = 2147483647;
			files = (
				84D6E3B825682A820007A6F0 /* skydelivery_mobileUITests.swift in Sources */,
			);
			runOnlyForDeploymentPostprocessing = 0;
		};
/* End PBXSourcesBuildPhase section */

/* Begin PBXTargetDependency section */
		84D6E3AA25682A820007A6F0 /* PBXTargetDependency */ = {
			isa = PBXTargetDependency;
			target = 84D6E39125682A810007A6F0 /* skydelivery-mobile */;
			targetProxy = 84D6E3A925682A820007A6F0 /* PBXContainerItemProxy */;
		};
		84D6E3B525682A820007A6F0 /* PBXTargetDependency */ = {
			isa = PBXTargetDependency;
			target = 84D6E39125682A810007A6F0 /* skydelivery-mobile */;
			targetProxy = 84D6E3B425682A820007A6F0 /* PBXContainerItemProxy */;
		};
/* End PBXTargetDependency section */

/* Begin PBXVariantGroup section */
		84D6E3A025682A820007A6F0 /* LaunchScreen.storyboard */ = {
			isa = PBXVariantGroup;
			children = (
				84D6E3A125682A820007A6F0 /* Base */,
			);
			name = LaunchScreen.storyboard;
			sourceTree = "<group>";
		};
/* End PBXVariantGroup section */

/* Begin XCBuildConfiguration section */
		84D6E3BA25682A820007A6F0 /* Debug */ = {
			isa = XCBuildConfiguration;
			buildSettings = {
				ALWAYS_SEARCH_USER_PATHS = NO;
				CLANG_ANALYZER_NONNULL = YES;
				CLANG_ANALYZER_NUMBER_OBJECT_CONVERSION = YES_AGGRESSIVE;
				CLANG_CXX_LANGUAGE_STANDARD = "gnu++14";
				CLANG_CXX_LIBRARY = "libc++";
				CLANG_ENABLE_MODULES = YES;
				CLANG_ENABLE_OBJC_ARC = YES;
				CLANG_ENABLE_OBJC_WEAK = YES;
				CLANG_WARN_BLOCK_CAPTURE_AUTORELEASING = YES;
				CLANG_WARN_BOOL_CONVERSION = YES;
				CLANG_WARN_COMMA = YES;
				CLANG_WARN_CONSTANT_CONVERSION = YES;
				CLANG_WARN_DEPRECATED_OBJC_IMPLEMENTATIONS = YES;
				CLANG_WARN_DIRECT_OBJC_ISA_USAGE = YES_ERROR;
				CLANG_WARN_DOCUMENTATION_COMMENTS = YES;
				CLANG_WARN_EMPTY_BODY = YES;
				CLANG_WARN_ENUM_CONVERSION = YES;
				CLANG_WARN_INFINITE_RECURSION = YES;
				CLANG_WARN_INT_CONVERSION = YES;
				CLANG_WARN_NON_LITERAL_NULL_CONVERSION = YES;
				CLANG_WARN_OBJC_IMPLICIT_RETAIN_SELF = YES;
				CLANG_WARN_OBJC_LITERAL_CONVERSION = YES;
				CLANG_WARN_OBJC_ROOT_CLASS = YES_ERROR;
				CLANG_WARN_QUOTED_INCLUDE_IN_FRAMEWORK_HEADER = YES;
				CLANG_WARN_RANGE_LOOP_ANALYSIS = YES;
				CLANG_WARN_STRICT_PROTOTYPES = YES;
				CLANG_WARN_SUSPICIOUS_MOVE = YES;
				CLANG_WARN_UNGUARDED_AVAILABILITY = YES_AGGRESSIVE;
				CLANG_WARN_UNREACHABLE_CODE = YES;
				CLANG_WARN__DUPLICATE_METHOD_MATCH = YES;
				COPY_PHASE_STRIP = NO;
				DEBUG_INFORMATION_FORMAT = dwarf;
				ENABLE_STRICT_OBJC_MSGSEND = YES;
				ENABLE_TESTABILITY = YES;
				GCC_C_LANGUAGE_STANDARD = gnu11;
				GCC_DYNAMIC_NO_PIC = NO;
				GCC_NO_COMMON_BLOCKS = YES;
				GCC_OPTIMIZATION_LEVEL = 0;
				GCC_PREPROCESSOR_DEFINITIONS = (
					"DEBUG=1",
					"$(inherited)",
				);
				GCC_WARN_64_TO_32_BIT_CONVERSION = YES;
				GCC_WARN_ABOUT_RETURN_TYPE = YES_ERROR;
				GCC_WARN_UNDECLARED_SELECTOR = YES;
				GCC_WARN_UNINITIALIZED_AUTOS = YES_AGGRESSIVE;
				GCC_WARN_UNUSED_FUNCTION = YES;
				GCC_WARN_UNUSED_VARIABLE = YES;
				IPHONEOS_DEPLOYMENT_TARGET = 14.2;
				MTL_ENABLE_DEBUG_INFO = INCLUDE_SOURCE;
				MTL_FAST_MATH = YES;
				ONLY_ACTIVE_ARCH = YES;
				SDKROOT = iphoneos;
				SWIFT_ACTIVE_COMPILATION_CONDITIONS = DEBUG;
				SWIFT_OPTIMIZATION_LEVEL = "-Onone";
			};
			name = Debug;
		};
		84D6E3BB25682A820007A6F0 /* Release */ = {
			isa = XCBuildConfiguration;
			buildSettings = {
				ALWAYS_SEARCH_USER_PATHS = NO;
				CLANG_ANALYZER_NONNULL = YES;
				CLANG_ANALYZER_NUMBER_OBJECT_CONVERSION = YES_AGGRESSIVE;
				CLANG_CXX_LANGUAGE_STANDARD = "gnu++14";
				CLANG_CXX_LIBRARY = "libc++";
				CLANG_ENABLE_MODULES = YES;
				CLANG_ENABLE_OBJC_ARC = YES;
				CLANG_ENABLE_OBJC_WEAK = YES;
				CLANG_WARN_BLOCK_CAPTURE_AUTORELEASING = YES;
				CLANG_WARN_BOOL_CONVERSION = YES;
				CLANG_WARN_COMMA = YES;
				CLANG_WARN_CONSTANT_CONVERSION = YES;
				CLANG_WARN_DEPRECATED_OBJC_IMPLEMENTATIONS = YES;
				CLANG_WARN_DIRECT_OBJC_ISA_USAGE = YES_ERROR;
				CLANG_WARN_DOCUMENTATION_COMMENTS = YES;
				CLANG_WARN_EMPTY_BODY = YES;
				CLANG_WARN_ENUM_CONVERSION = YES;
				CLANG_WARN_INFINITE_RECURSION = YES;
				CLANG_WARN_INT_CONVERSION = YES;
				CLANG_WARN_NON_LITERAL_NULL_CONVERSION = YES;
				CLANG_WARN_OBJC_IMPLICIT_RETAIN_SELF = YES;
				CLANG_WARN_OBJC_LITERAL_CONVERSION = YES;
				CLANG_WARN_OBJC_ROOT_CLASS = YES_ERROR;
				CLANG_WARN_QUOTED_INCLUDE_IN_FRAMEWORK_HEADER = YES;
				CLANG_WARN_RANGE_LOOP_ANALYSIS = YES;
				CLANG_WARN_STRICT_PROTOTYPES = YES;
				CLANG_WARN_SUSPICIOUS_MOVE = YES;
				CLANG_WARN_UNGUARDED_AVAILABILITY = YES_AGGRESSIVE;
				CLANG_WARN_UNREACHABLE_CODE = YES;
				CLANG_WARN__DUPLICATE_METHOD_MATCH = YES;
				COPY_PHASE_STRIP = NO;
				DEBUG_INFORMATION_FORMAT = "dwarf-with-dsym";
				ENABLE_NS_ASSERTIONS = NO;
				ENABLE_STRICT_OBJC_MSGSEND = YES;
				GCC_C_LANGUAGE_STANDARD = gnu11;
				GCC_NO_COMMON_BLOCKS = YES;
				GCC_WARN_64_TO_32_BIT_CONVERSION = YES;
				GCC_WARN_ABOUT_RETURN_TYPE = YES_ERROR;
				GCC_WARN_UNDECLARED_SELECTOR = YES;
				GCC_WARN_UNINITIALIZED_AUTOS = YES_AGGRESSIVE;
				GCC_WARN_UNUSED_FUNCTION = YES;
				GCC_WARN_UNUSED_VARIABLE = YES;
				IPHONEOS_DEPLOYMENT_TARGET = 14.2;
				MTL_ENABLE_DEBUG_INFO = NO;
				MTL_FAST_MATH = YES;
				SDKROOT = iphoneos;
				SWIFT_COMPILATION_MODE = wholemodule;
				SWIFT_OPTIMIZATION_LEVEL = "-O";
				VALIDATE_PRODUCT = YES;
			};
			name = Release;
		};
		84D6E3BD25682A820007A6F0 /* Debug */ = {
			isa = XCBuildConfiguration;
			buildSettings = {
				ASSETCATALOG_COMPILER_APPICON_NAME = AppIcon;
				ASSETCATALOG_COMPILER_GLOBAL_ACCENT_COLOR_NAME = AccentColor;
				CODE_SIGN_STYLE = Automatic;
				INFOPLIST_FILE = "skydelivery-mobile/Info.plist";
				LD_RUNPATH_SEARCH_PATHS = (
					"$(inherited)",
					"@executable_path/Frameworks",
				);
				PRODUCT_BUNDLE_IDENTIFIER = "pycnick.skydelivery-mobile";
				PRODUCT_NAME = "$(TARGET_NAME)";
				SWIFT_VERSION = 5.0;
				TARGETED_DEVICE_FAMILY = 1;
			};
			name = Debug;
		};
		84D6E3BE25682A820007A6F0 /* Release */ = {
			isa = XCBuildConfiguration;
			buildSettings = {
				ASSETCATALOG_COMPILER_APPICON_NAME = AppIcon;
				ASSETCATALOG_COMPILER_GLOBAL_ACCENT_COLOR_NAME = AccentColor;
				CODE_SIGN_STYLE = Automatic;
				INFOPLIST_FILE = "skydelivery-mobile/Info.plist";
				LD_RUNPATH_SEARCH_PATHS = (
					"$(inherited)",
					"@executable_path/Frameworks",
				);
				PRODUCT_BUNDLE_IDENTIFIER = "pycnick.skydelivery-mobile";
				PRODUCT_NAME = "$(TARGET_NAME)";
				SWIFT_VERSION = 5.0;
				TARGETED_DEVICE_FAMILY = 1;
			};
			name = Release;
		};
		84D6E3C025682A820007A6F0 /* Debug */ = {
			isa = XCBuildConfiguration;
			buildSettings = {
				ALWAYS_EMBED_SWIFT_STANDARD_LIBRARIES = YES;
				BUNDLE_LOADER = "$(TEST_HOST)";
				CODE_SIGN_STYLE = Automatic;
				INFOPLIST_FILE = "skydelivery-mobileTests/Info.plist";
				IPHONEOS_DEPLOYMENT_TARGET = 14.2;
				LD_RUNPATH_SEARCH_PATHS = (
					"$(inherited)",
					"@executable_path/Frameworks",
					"@loader_path/Frameworks",
				);
				PRODUCT_BUNDLE_IDENTIFIER = "pycnick.skydelivery-mobileTests";
				PRODUCT_NAME = "$(TARGET_NAME)";
				SWIFT_VERSION = 5.0;
				TARGETED_DEVICE_FAMILY = "1,2";
				TEST_HOST = "$(BUILT_PRODUCTS_DIR)/skydelivery-mobile.app/skydelivery-mobile";
			};
			name = Debug;
		};
		84D6E3C125682A820007A6F0 /* Release */ = {
			isa = XCBuildConfiguration;
			buildSettings = {
				ALWAYS_EMBED_SWIFT_STANDARD_LIBRARIES = YES;
				BUNDLE_LOADER = "$(TEST_HOST)";
				CODE_SIGN_STYLE = Automatic;
				INFOPLIST_FILE = "skydelivery-mobileTests/Info.plist";
				IPHONEOS_DEPLOYMENT_TARGET = 14.2;
				LD_RUNPATH_SEARCH_PATHS = (
					"$(inherited)",
					"@executable_path/Frameworks",
					"@loader_path/Frameworks",
				);
				PRODUCT_BUNDLE_IDENTIFIER = "pycnick.skydelivery-mobileTests";
				PRODUCT_NAME = "$(TARGET_NAME)";
				SWIFT_VERSION = 5.0;
				TARGETED_DEVICE_FAMILY = "1,2";
				TEST_HOST = "$(BUILT_PRODUCTS_DIR)/skydelivery-mobile.app/skydelivery-mobile";
			};
			name = Release;
		};
		84D6E3C325682A820007A6F0 /* Debug */ = {
			isa = XCBuildConfiguration;
			buildSettings = {
				ALWAYS_EMBED_SWIFT_STANDARD_LIBRARIES = YES;
				CODE_SIGN_STYLE = Automatic;
				INFOPLIST_FILE = "skydelivery-mobileUITests/Info.plist";
				LD_RUNPATH_SEARCH_PATHS = (
					"$(inherited)",
					"@executable_path/Frameworks",
					"@loader_path/Frameworks",
				);
				PRODUCT_BUNDLE_IDENTIFIER = "pycnick.skydelivery-mobileUITests";
				PRODUCT_NAME = "$(TARGET_NAME)";
				SWIFT_VERSION = 5.0;
				TARGETED_DEVICE_FAMILY = "1,2";
				TEST_TARGET_NAME = "skydelivery-mobile";
			};
			name = Debug;
		};
		84D6E3C425682A820007A6F0 /* Release */ = {
			isa = XCBuildConfiguration;
			buildSettings = {
				ALWAYS_EMBED_SWIFT_STANDARD_LIBRARIES = YES;
				CODE_SIGN_STYLE = Automatic;
				INFOPLIST_FILE = "skydelivery-mobileUITests/Info.plist";
				LD_RUNPATH_SEARCH_PATHS = (
					"$(inherited)",
					"@executable_path/Frameworks",
					"@loader_path/Frameworks",
				);
				PRODUCT_BUNDLE_IDENTIFIER = "pycnick.skydelivery-mobileUITests";
				PRODUCT_NAME = "$(TARGET_NAME)";
				SWIFT_VERSION = 5.0;
				TARGETED_DEVICE_FAMILY = "1,2";
				TEST_TARGET_NAME = "skydelivery-mobile";
			};
			name = Release;
		};
/* End XCBuildConfiguration section */

/* Begin XCConfigurationList section */
		84D6E38D25682A810007A6F0 /* Build configuration list for PBXProject "skydelivery-mobile" */ = {
			isa = XCConfigurationList;
			buildConfigurations = (
				84D6E3BA25682A820007A6F0 /* Debug */,
				84D6E3BB25682A820007A6F0 /* Release */,
			);
			defaultConfigurationIsVisible = 0;
			defaultConfigurationName = Release;
		};
		84D6E3BC25682A820007A6F0 /* Build configuration list for PBXNativeTarget "skydelivery-mobile" */ = {
			isa = XCConfigurationList;
			buildConfigurations = (
				84D6E3BD25682A820007A6F0 /* Debug */,
				84D6E3BE25682A820007A6F0 /* Release */,
			);
			defaultConfigurationIsVisible = 0;
			defaultConfigurationName = Release;
		};
		84D6E3BF25682A820007A6F0 /* Build configuration list for PBXNativeTarget "skydelivery-mobileTests" */ = {
			isa = XCConfigurationList;
			buildConfigurations = (
				84D6E3C025682A820007A6F0 /* Debug */,
				84D6E3C125682A820007A6F0 /* Release */,
			);
			defaultConfigurationIsVisible = 0;
			defaultConfigurationName = Release;
		};
		84D6E3C225682A820007A6F0 /* Build configuration list for PBXNativeTarget "skydelivery-mobileUITests" */ = {
			isa = XCConfigurationList;
			buildConfigurations = (
				84D6E3C325682A820007A6F0 /* Debug */,
				84D6E3C425682A820007A6F0 /* Release */,
			);
			defaultConfigurationIsVisible = 0;
			defaultConfigurationName = Release;
		};
/* End XCConfigurationList section */
	};
	rootObject = 84D6E38A25682A810007A6F0 /* Project object */;
}
